
Microsoft Visual Studio Solution File, Format Version 12.00
# Visual Studio Version 16
VisualStudioVersion = 16.0.29519.181
MinimumVisualStudioVersion = 10.0.40219.1
Project("{FAE04EC0-301F-11D3-BF4B-00C04F79EFBC}") = "ExcelToMySqlDatabase", "ExcelToMySqlDatabase\ExcelToMySqlDatabase.csproj", "{FAF3196D-9B43-4688-9AFE-9B7D4E07E869}"
EndProject
Global
	GlobalSection(SolutionConfigurationPlatforms) = preSolution
		Debug|Any CPU = Debug|Any CPU
		Release|Any CPU = Release|Any CPU
	EndGlobalSection
	GlobalSection(ProjectConfigurationPlatforms) = postSolution
		{FAF3196D-9B43-4688-9AFE-9B7D4E07E869}.Debug|Any CPU.ActiveCfg = Debug|Any CPU
		{FAF3196D-9B43-4688-9AFE-9B7D4E07E869}.Debug|Any CPU.Build.0 = Debug|Any CPU
		{FAF3196D-9B43-4688-9AFE-9B7D4E07E869}.Release|Any CPU.ActiveCfg = Release|Any CPU
		{FAF3196D-9B43-4688-9AFE-9B7D4E07E869}.Release|Any CPU.Build.0 = Release|Any CPU
	EndGlobalSection
	GlobalSection(SolutionProperties) = preSolution
		HideSolutionNode = FALSE
	EndGlobalSection
	GlobalSection(ExtensibilityGlobals) = postSolution
		SolutionGuid = {FFEE6EE4-F8EB-4C8D-B009-C2A169028398}
	EndGlobalSection
EndGlobal
